
Microsoft Visual Studio Solution File, Format Version 12.00
# Visual Studio Version 17
VisualStudioVersion = 17.6.33829.357
MinimumVisualStudioVersion = 10.0.40219.1
Project("{FAE04EC0-301F-11D3-BF4B-00C04F79EFBC}") = "TaskMate", "TaskMate.csproj", "{47477AE2-B456-4655-B2B4-D93E4D917E41}"
EndProject
Global
	GlobalSection(SolutionConfigurationPlatforms) = preSolution
		Debug|Any CPU = Debug|Any CPU
		Release|Any CPU = Release|Any CPU
	EndGlobalSection
	GlobalSection(ProjectConfigurationPlatforms) = postSolution
		{47477AE2-B456-4655-B2B4-D93E4D917E41}.Debug|Any CPU.ActiveCfg = Debug|Any CPU
		{47477AE2-B456-4655-B2B4-D93E4D917E41}.Debug|Any CPU.Build.0 = Debug|Any CPU
		{47477AE2-B456-4655-B2B4-D93E4D917E41}.Release|Any CPU.ActiveCfg = Release|Any CPU
		{47477AE2-B456-4655-B2B4-D93E4D917E41}.Release|Any CPU.Build.0 = Release|Any CPU
	EndGlobalSection
	GlobalSection(SolutionProperties) = preSolution
		HideSolutionNode = FALSE
	EndGlobalSection
	GlobalSection(ExtensibilityGlobals) = postSolution
		SolutionGuid = {E704924A-0C93-424B-8306-91FDD12CB3AE}
	EndGlobalSection
EndGlobal
